lockfileVersion: '9.0'

settings:
  autoInstallPeers: true
  excludeLinksFromLockfile: false

importers:

  .:
    devDependencies:
      prettier:
        specifier: 3.9.6
        version: 3.9.6
      skills-ref:
        specifier: 0.1.5
        version: 0.1.5

packages:

  argparse@2.0.1:
    resolution: {integrity: sha512-8+9WqebbFzpX9OR+Wa6O29asIogeRMzcGtAINdpMHHyAg10f05aSFVBbcEqGf/PXw1EjAZ+q2/bEBg3DvurK3Q==}

  commander@12.1.0:
    resolution: {integrity: sha512-Vw8qHK3bZM9y/P10u3Vib8o/DdkvA2OtPtZvD871QKjy74Wj1WSKFILMPRPSdUSx5RFK1arlJzEtA4PkFgnbuA==}
    engines: {node: '>=18'}

  js-yaml@4.3.2:
    resolution: {integrity: sha512-SFNOvSJ+Dgf/9An904Yx+CgSlIPCkIpao4qo51lpee25TIRejdH3rhR4EZMGoNx3/TP3O+wzWuiTFl4sqbltzA==}
    hasBin: true

  prettier@3.9.6:
    resolution: {integrity: sha512-OpN0zzVdiaiAhxpuuj5efpIS4sY9j7bY6uR5mnj5yPzGkdkjNKSJeUThPb60Jw29QuAZgA4o+/iB49kFiaBX6g==}
    engines: {node: '>=14'}
    hasBin: true

  skills-ref@0.1.5:
    resolution: {integrity: sha512-C2vyZbUQqt3PXA9vcdUmJ0lwbH9jK19C9fwQjl/ICPy2e5bzV3CaropViakJCv+HLt/9zsgjZ/NLJ5xEri0jSA==}
    engines: {node: '>=18.0.0'}
    hasBin: true

snapshots:

  argparse@2.0.1: {}

  commander@12.1.0: {}

  js-yaml@4.3.2:
    dependencies:
      argparse: 2.0.1

  prettier@3.9.6: {}

  skills-ref@0.1.5:
    dependencies:
      commander: 12.1.0
      js-yaml: 4.3.2
